// !$*UTF8*$!
{
	archiveVersion = 1;
	classes = {
	};
	objectVersion = 50;
	objects = {

/* Begin PBXBuildFile section */
		18446CB422DE1E14008D44CE /* AppDelegate.swift in Sources */ = {isa = PBXBuildFile; fileRef = 18446CB322DE1E14008D44CE /* AppDelegate.swift */; };
		18446CB922DE1E14008D44CE /* Main.storyboard in Resources */ = {isa = PBXBuildFile; fileRef = 18446CB722DE1E14008D44CE /* Main.storyboard */; };
		18446CBC22DE1E14008D44CE /* viewfinder.xcdatamodeld in Sources */ = {isa = PBXBuildFile; fileRef = 18446CBA22DE1E14008D44CE /* viewfinder.xcdatamodeld */; };
		18446CBE22DE1E15008D44CE /* Assets.xcassets in Resources */ = {isa = PBXBuildFile; fileRef = 18446CBD22DE1E15008D44CE /* Assets.xcassets */; };
		18446CC122DE1E15008D44CE /* LaunchScreen.storyboard in Resources */ = {isa = PBXBuildFile; fileRef = 18446CBF22DE1E15008D44CE /* LaunchScreen.storyboard */; };
		18446CC922DE2774008D44CE /* AddPhotoViewController.swift in Sources */ = {isa = PBXBuildFile; fileRef = 18446CC822DE2774008D44CE /* AddPhotoViewController.swift */; };
/* End PBXBuildFile section */

/* Begin PBXFileReference section */
		18446CB022DE1E14008D44CE /* viewfinder.app */ = {isa = PBXFileReference; explicitFileType = wrapper.application; includeInIndex = 0; path = viewfinder.app; sourceTree = BUILT_PRODUCTS_DIR; };
		18446CB322DE1E14008D44CE /* AppDelegate.swift */ = {isa = PBXFileReference; lastKnownFileType = sourcecode.swift; path = AppDelegate.swift; sourceTree = "<group>"; };
		18446CB822DE1E14008D44CE /* Base */ = {isa = PBXFileReference; lastKnownFileType = file.storyboard; name = Base; path = Base.lproj/Main.storyboard; sourceTree = "<group>"; };
		18446CBB22DE1E14008D44CE /* viewfinder.xcdatamodel */ = {isa = PBXFileReference; lastKnownFileType = wrapper.xcdatamodel; path = viewfinder.xcdatamodel; sourceTree = "<group>"; };
		18446CBD22DE1E15008D44CE /* Assets.xcassets */ = {isa = PBXFileReference; lastKnownFileType = folder.assetcatalog; path = Assets.xcassets; sourceTree = "<group>"; };
		18446CC022DE1E15008D44CE /* Base */ = {isa = PBXFileReference; lastKnownFileType = file.storyboard; name = Base; path = Base.lproj/LaunchScreen.storyboard; sourceTree = "<group>"; };
		18446CC222DE1E15008D44CE /* Info.plist */ = {isa = PBXFileReference; lastKnownFileType = text.plist.xml; path = Info.plist; sourceTree = "<group>"; };
		18446CC822DE2774008D44CE /* AddPhotoViewController.swift */ = {isa = PBXFileReference; lastKnownFileType = sourcecode.swift; path = AddPhotoViewController.swift; sourceTree = "<group>"; };
/* End PBXFileReference section */

/* Begin PBXFrameworksBuildPhase section */
		18446CAD22DE1E14008D44CE /* Frameworks */ = {
			isa = PBXFrameworksBuildPhase;
			buildActionMask = 2147483647;
			files = (
			);
			runOnlyForDeploymentPostprocessing = 0;
		};
/* End PBXFrameworksBuildPhase section */

/* Begin PBXGroup section */
		18446CA722DE1E14008D44CE = {
			isa = PBXGroup;
			children = (
				18446CB222DE1E14008D44CE /* viewfinder */,
				18446CB122DE1E14008D44CE /* Products */,
			);
			sourceTree = "<group>";
		};
		18446CB122DE1E14008D44CE /* Products */ = {
			isa = PBXGroup;
			children = (
				18446CB022DE1E14008D44CE /* viewfinder.app */,
			);
			name = Products;
			sourceTree = "<group>";
		};
		18446CB222DE1E14008D44CE /* viewfinder */ = {
			isa = PBXGroup;
			children = (
				18446CB322DE1E14008D44CE /* AppDelegate.swift */,
				18446CB722DE1E14008D44CE /* Main.storyboard */,
				18446CC822DE2774008D44CE /* AddPhotoViewController.swift */,
				18446CBD22DE1E15008D44CE /* Assets.xcassets */,
				18446CBF22DE1E15008D44CE /* LaunchScreen.storyboard */,
				18446CC222DE1E15008D44CE /* Info.plist */,
				18446CBA22DE1E14008D44CE /* viewfinder.xcdatamodeld */,
			);
			path = viewfinder;
			sourceTree = "<group>";
		};
/* End PBXGroup section */

/* Begin PBXNativeTarget section */
		18446CAF22DE1E14008D44CE /* viewfinder */ = {
			isa = PBXNativeTarget;
			buildConfigurationList = 18446CC522DE1E15008D44CE /* Build configuration list for PBXNativeTarget "viewfinder" */;
			buildPhases = (
				18446CAC22DE1E14008D44CE /* Sources */,
				18446CAD22DE1E14008D44CE /* Frameworks */,
				18446CAE22DE1E14008D44CE /* Resources */,
			);
			buildRules = (
			);
			dependencies = (
			);
			name = viewfinder;
			productName = viewfinder;
			productReference = 18446CB022DE1E14008D44CE /* viewfinder.app */;
			productType = "com.apple.product-type.application";
		};
/* End PBXNativeTarget section */

/* Begin PBXProject section */
		18446CA822DE1E14008D44CE /* Project object */ = {
			isa = PBXProject;
			attributes = {
				LastSwiftUpdateCheck = 1020;
				LastUpgradeCheck = 1020;
				ORGANIZATIONNAME = Apple;
				TargetAttributes = {
					18446CAF22DE1E14008D44CE = {
						CreatedOnToolsVersion = 10.2.1;
					};
				};
			};
			buildConfigurationList = 18446CAB22DE1E14008D44CE /* Build configuration list for PBXProject "viewfinder" */;
			compatibilityVersion = "Xcode 9.3";
			developmentRegion = en;
			hasScannedForEncodings = 0;
			knownRegions = (
				en,
				Base,
			);
			mainGroup = 18446CA722DE1E14008D44CE;
			productRefGroup = 18446CB122DE1E14008D44CE /* Products */;
			projectDirPath = "";
			projectRoot = "";
			targets = (
				18446CAF22DE1E14008D44CE /* viewfinder */,
			);
		};
/* End PBXProject section */

/* Begin PBXResourcesBuildPhase section */
		18446CAE22DE1E14008D44CE /* Resources */ = {
			isa = PBXResourcesBuildPhase;
			buildActionMask = 2147483647;
			files = (
				18446CC122DE1E15008D44CE /* LaunchScreen.storyboard in Resources */,
				18446CBE22DE1E15008D44CE /* Assets.xcassets in Resources */,
				18446CB922DE1E14008D44CE /* Main.storyboard in Resources */,
			);
			runOnlyForDeploymentPostprocessing = 0;
		};
/* End PBXResourcesBuildPhase section */

/* Begin PBXSourcesBuildPhase section */
		18446CAC22DE1E14008D44CE /* Sources */ = {
			isa = PBXSourcesBuildPhase;
			buildActionMask = 2147483647;
			files = (
				18446CBC22DE1E14008D44CE /* viewfinder.xcdatamodeld in Sources */,
				18446CC922DE2774008D44CE /* AddPhotoViewController.swift in Sources */,
				18446CB422DE1E14008D44CE /* AppDelegate.swift in Sources */,
			);
			runOnlyForDeploymentPostprocessing = 0;
		};
/* End PBXSourcesBuildPhase section */

/* Begin PBXVariantGroup section */
		18446CB722DE1E14008D44CE /* Main.storyboard */ = {
			isa = PBXVariantGroup;
			children = (
				18446CB822DE1E14008D44CE /* Base */,
			);
			name = Main.storyboard;
			sourceTree = "<group>";
		};
		18446CBF22DE1E15008D44CE /* LaunchScreen.storyboard */ = {
			isa = PBXVariantGroup;
			children = (
				18446CC022DE1E15008D44CE /* Base */,
			);
			name = LaunchScreen.storyboard;
			sourceTree = "<group>";
		};
/* End PBXVariantGroup section */

/* Begin XCBuildConfiguration section */
		18446CC322DE1E15008D44CE /* Debug */ = {
			isa = XCBuildConfiguration;
			buildSettings = {
				ALWAYS_SEARCH_USER_PATHS = NO;
				CLANG_ANALYZER_NONNULL = YES;
				CLANG_ANALYZER_NUMBER_OBJECT_CONVERSION = YES_AGGRESSIVE;
				CLANG_CXX_LANGUAGE_STANDARD = "gnu++14";
				CLANG_CXX_LIBRARY = "libc++";
				CLANG_ENABLE_MODULES = YES;
				CLANG_ENABLE_OBJC_ARC = YES;
				CLANG_ENABLE_OBJC_WEAK = YES;
				CLANG_WARN_BLOCK_CAPTURE_AUTORELEASING = YES;
				CLANG_WARN_BOOL_CONVERSION = YES;
				CLANG_WARN_COMMA = YES;
				CLANG_WARN_CONSTANT_CONVERSION = YES;
				CLANG_WARN_DEPRECATED_OBJC_IMPLEMENTATIONS = YES;
				CLANG_WARN_DIRECT_OBJC_ISA_USAGE = YES_ERROR;
				CLANG_WARN_DOCUMENTATION_COMMENTS = YES;
				CLANG_WARN_EMPTY_BODY = YES;
				CLANG_WARN_ENUM_CONVERSION = YES;
				CLANG_WARN_INFINITE_RECURSION = YES;
				CLANG_WARN_INT_CONVERSION = YES;
				CLANG_WARN_NON_LITERAL_NULL_CONVERSION = YES;
				CLANG_WARN_OBJC_IMPLICIT_RETAIN_SELF = YES;
				CLANG_WARN_OBJC_LITERAL_CONVERSION = YES;
				CLANG_WARN_OBJC_ROOT_CLASS = YES_ERROR;
				CLANG_WARN_RANGE_LOOP_ANALYSIS = YES;
				CLANG_WARN_STRICT_PROTOTYPES = YES;
				CLANG_WARN_SUSPICIOUS_MOVE = YES;
				CLANG_WARN_UNGUARDED_AVAILABILITY = YES_AGGRESSIVE;
				CLANG_WARN_UNREACHABLE_CODE = YES;
				CLANG_WARN__DUPLICATE_METHOD_MATCH = YES;
				CODE_SIGN_IDENTITY = "iPhone Developer";
				COPY_PHASE_STRIP = NO;
				DEBUG_INFORMATION_FORMAT = dwarf;
				ENABLE_STRICT_OBJC_MSGSEND = YES;
				ENABLE_TESTABILITY = YES;
				GCC_C_LANGUAGE_STANDARD = gnu11;
				GCC_DYNAMIC_NO_PIC = NO;
				GCC_NO_COMMON_BLOCKS = YES;
				GCC_OPTIMIZATION_LEVEL = 0;
				GCC_PREPROCESSOR_DEFINITIONS = (
					"DEBUG=1",
					"$(inherited)",
				);
				GCC_WARN_64_TO_32_BIT_CONVERSION = YES;
				GCC_WARN_ABOUT_RETURN_TYPE = YES_ERROR;
				GCC_WARN_UNDECLARED_SELECTOR = YES;
				GCC_WARN_UNINITIALIZED_AUTOS = YES_AGGRESSIVE;
				GCC_WARN_UNUSED_FUNCTION = YES;
				GCC_WARN_UNUSED_VARIABLE = YES;
				IPHONEOS_DEPLOYMENT_TARGET = 12.2;
				MTL_ENABLE_DEBUG_INFO = INCLUDE_SOURCE;
				MTL_FAST_MATH = YES;
				ONLY_ACTIVE_ARCH = YES;
				SDKROOT = iphoneos;
				SWIFT_ACTIVE_COMPILATION_CONDITIONS = DEBUG;
				SWIFT_OPTIMIZATION_LEVEL = "-Onone";
			};
			name = Debug;
		};
		18446CC422DE1E15008D44CE /* Release */ = {
			isa = XCBuildConfiguration;
			buildSettings = {
				ALWAYS_SEARCH_USER_PATHS = NO;
				CLANG_ANALYZER_NONNULL = YES;
				CLANG_ANALYZER_NUMBER_OBJECT_CONVERSION = YES_AGGRESSIVE;
				CLANG_CXX_LANGUAGE_STANDARD = "gnu++14";
				CLANG_CXX_LIBRARY = "libc++";
				CLANG_ENABLE_MODULES = YES;
				CLANG_ENABLE_OBJC_ARC = YES;
				CLANG_ENABLE_OBJC_WEAK = YES;
				CLANG_WARN_BLOCK_CAPTURE_AUTORELEASING = YES;
				CLANG_WARN_BOOL_CONVERSION = YES;
				CLANG_WARN_COMMA = YES;
				CLANG_WARN_CONSTANT_CONVERSION = YES;
				CLANG_WARN_DEPRECATED_OBJC_IMPLEMENTATIONS = YES;
				CLANG_WARN_DIRECT_OBJC_ISA_USAGE = YES_ERROR;
				CLANG_WARN_DOCUMENTATION_COMMENTS = YES;
				CLANG_WARN_EMPTY_BODY = YES;
				CLANG_WARN_ENUM_CONVERSION = YES;
				CLANG_WARN_INFINITE_RECURSION = YES;
				CLANG_WARN_INT_CONVERSION = YES;
				CLANG_WARN_NON_LITERAL_NULL_CONVERSION = YES;
				CLANG_WARN_OBJC_IMPLICIT_RETAIN_SELF = YES;
				CLANG_WARN_OBJC_LITERAL_CONVERSION = YES;
				CLANG_WARN_OBJC_ROOT_CLASS = YES_ERROR;
				CLANG_WARN_RANGE_LOOP_ANALYSIS = YES;
				CLANG_WARN_STRICT_PROTOTYPES = YES;
				CLANG_WARN_SUSPICIOUS_MOVE = YES;
				CLANG_WARN_UNGUARDED_AVAILABILITY = YES_AGGRESSIVE;
				CLANG_WARN_UNREACHABLE_CODE = YES;
				CLANG_WARN__DUPLICATE_METHOD_MATCH = YES;
				CODE_SIGN_IDENTITY = "iPhone Developer";
				COPY_PHASE_STRIP = NO;
				DEBUG_INFORMATION_FORMAT = "dwarf-with-dsym";
				ENABLE_NS_ASSERTIONS = NO;
				ENABLE_STRICT_OBJC_MSGSEND = YES;
				GCC_C_LANGUAGE_STANDARD = gnu11;
				GCC_NO_COMMON_BLOCKS = YES;
				GCC_WARN_64_TO_32_BIT_CONVERSION = YES;
				GCC_WARN_ABOUT_RETURN_TYPE = YES_ERROR;
				GCC_WARN_UNDECLARED_SELECTOR = YES;
				GCC_WARN_UNINITIALIZED_AUTOS = YES_AGGRESSIVE;
				GCC_WARN_UNUSED_FUNCTION = YES;
				GCC_WARN_UNUSED_VARIABLE = YES;
				IPHONEOS_DEPLOYMENT_TARGET = 12.2;
				MTL_ENABLE_DEBUG_INFO = NO;
				MTL_FAST_MATH = YES;
				SDKROOT = iphoneos;
				SWIFT_COMPILATION_MODE = wholemodule;
				SWIFT_OPTIMIZATION_LEVEL = "-O";
				VALIDATE_PRODUCT = YES;
			};
			name = Release;
		};
		18446CC622DE1E15008D44CE /* Debug */ = {
			isa = XCBuildConfiguration;
			buildSettings = {
				ASSETCATALOG_COMPILER_APPICON_NAME = AppIcon;
				CODE_SIGN_STYLE = Automatic;
				INFOPLIST_FILE = viewfinder/Info.plist;
				LD_RUNPATH_SEARCH_PATHS = (
					"$(inherited)",
					"@executable_path/Frameworks",
				);
				PRODUCT_BUNDLE_IDENTIFIER = KWK.viewfinder;
				PRODUCT_NAME = "$(TARGET_NAME)";
				SWIFT_VERSION = 5.0;
				TARGETED_DEVICE_FAMILY = "1,2";
			};
			name = Debug;
		};
		18446CC722DE1E15008D44CE /* Release */ = {
			isa = XCBuildConfiguration;
			buildSettings = {
				ASSETCATALOG_COMPILER_APPICON_NAME = AppIcon;
				CODE_SIGN_STYLE = Automatic;
				INFOPLIST_FILE = viewfinder/Info.plist;
				LD_RUNPATH_SEARCH_PATHS = (
					"$(inherited)",
					"@executable_path/Frameworks",
				);
				PRODUCT_BUNDLE_IDENTIFIER = KWK.viewfinder;
				PRODUCT_NAME = "$(TARGET_NAME)";
				SWIFT_VERSION = 5.0;
				TARGETED_DEVICE_FAMILY = "1,2";
			};
			name = Release;
		};
/* End XCBuildConfiguration section */

/* Begin XCConfigurationList section */
		18446CAB22DE1E14008D44CE /* Build configuration list for PBXProject "viewfinder" */ = {
			isa = XCConfigurationList;
			buildConfigurations = (
				18446CC322DE1E15008D44CE /* Debug */,
				18446CC422DE1E15008D44CE /* Release */,
			);
			defaultConfigurationIsVisible = 0;
			defaultConfigurationName = Release;
		};
		18446CC522DE1E15008D44CE /* Build configuration list for PBXNativeTarget "viewfinder" */ = {
			isa = XCConfigurationList;
			buildConfigurations = (
				18446CC622DE1E15008D44CE /* Debug */,
				18446CC722DE1E15008D44CE /* Release */,
			);
			defaultConfigurationIsVisible = 0;
			defaultConfigurationName = Release;
		};
/* End XCConfigurationList section */

/* Begin XCVersionGroup section */
		18446CBA22DE1E14008D44CE /* viewfinder.xcdatamodeld */ = {
			isa = XCVersionGroup;
			children = (
				18446CBB22DE1E14008D44CE /* viewfinder.xcdatamodel */,
			);
			currentVersion = 18446CBB22DE1E14008D44CE /* viewfinder.xcdatamodel */;
			path = viewfinder.xcdatamodeld;
			sourceTree = "<group>";
			versionGroupType = wrapper.xcdatamodel;
		};
/* End XCVersionGroup section */
	};
	rootObject = 18446CA822DE1E14008D44CE /* Project object */;
}
